
Microsoft Visual Studio Solution File, Format Version 12.00
# Visual Studio 15
VisualStudioVersion = 15.0.27130.2024
MinimumVisualStudioVersion = 10.0.40219.1
Project("{FAE04EC0-301F-11D3-BF4B-00C04F79EFBC}") = "TFR.Website", "TFR\TFR.Website.csproj", "{FF4F8BE4-38AB-4692-ABA6-4E76DC6E371F}"
EndProject
Project("{FAE04EC0-301F-11D3-BF4B-00C04F79EFBC}") = "TFR.Tests", "TFR.Tests\TFR.Tests.csproj", "{E77B0ADD-35C5-4F2D-9FB9-1126AF5504D1}"
EndProject
Project("{2150E333-8FDC-42A3-9474-1A3956D46DE8}") = "Website", "Website", "{2DA91E08-02D4-4E96-81D0-4015B00D8A93}"
EndProject
Project("{2150E333-8FDC-42A3-9474-1A3956D46DE8}") = "Tests", "Tests", "{D37560A1-0F98-47A5-B996-59C3D3B3313D}"
EndProject
Project("{2150E333-8FDC-42A3-9474-1A3956D46DE8}") = "Services", "Services", "{5BD3D65F-73F8-44C3-9809-1B376540DF94}"
EndProject
Project("{2150E333-8FDC-42A3-9474-1A3956D46DE8}") = "Data", "Data", "{793BCBC2-CD1D-45A0-8E78-98BE62DEEFFA}"
EndProject
Project("{FAE04EC0-301F-11D3-BF4B-00C04F79EFBC}") = "TFR,Data.DataAccess", "Data.DataContext\TFR,Data.DataAccess.csproj", "{A42EEF0F-6650-4768-8235-309943D22C07}"
EndProject
Project("{FAE04EC0-301F-11D3-BF4B-00C04F79EFBC}") = "TFR.Data.Common", "TFR.Data.Common\TFR.Data.Common.csproj", "{57D820E5-7404-44BE-B4E2-EA1250E7D963}"
EndProject
Project("{FAE04EC0-301F-11D3-BF4B-00C04F79EFBC}") = "TFR.Data.Models", "TFR.Data.Models\TFR.Data.Models.csproj", "{916F00C3-A1E8-42AC-97B0-4CD0D5626D1D}"
EndProject
Project("{FAE04EC0-301F-11D3-BF4B-00C04F79EFBC}") = "TFR.Services.Commands", "Services.Commands\TFR.Services.Commands.csproj", "{4278FACF-A1E2-4002-9E13-6566484FB95D}"
EndProject
Project("{FAE04EC0-301F-11D3-BF4B-00C04F79EFBC}") = "TFR.Services.Queries", "Services.Queries\TFR.Services.Queries.csproj", "{A926EA7C-6ECA-4C9F-8E1F-69A45C5EE6C8}"
EndProject
Project("{2150E333-8FDC-42A3-9474-1A3956D46DE8}") = "WebServices", "WebServices", "{BEE07FDE-D693-47D3-A4AC-7C7F83D628AB}"
EndProject
Global
	GlobalSection(SolutionConfigurationPlatforms) = preSolution
		Debug|Any CPU = Debug|Any CPU
		Release|Any CPU = Release|Any CPU
	EndGlobalSection
	GlobalSection(ProjectConfigurationPlatforms) = postSolution
		{FF4F8BE4-38AB-4692-ABA6-4E76DC6E371F}.Debug|Any CPU.ActiveCfg = Debug|Any CPU
		{FF4F8BE4-38AB-4692-ABA6-4E76DC6E371F}.Debug|Any CPU.Build.0 = Debug|Any CPU
		{FF4F8BE4-38AB-4692-ABA6-4E76DC6E371F}.Release|Any CPU.ActiveCfg = Release|Any CPU
		{FF4F8BE4-38AB-4692-ABA6-4E76DC6E371F}.Release|Any CPU.Build.0 = Release|Any CPU
		{E77B0ADD-35C5-4F2D-9FB9-1126AF5504D1}.Debug|Any CPU.ActiveCfg = Debug|Any CPU
		{E77B0ADD-35C5-4F2D-9FB9-1126AF5504D1}.Debug|Any CPU.Build.0 = Debug|Any CPU
		{E77B0ADD-35C5-4F2D-9FB9-1126AF5504D1}.Release|Any CPU.ActiveCfg = Release|Any CPU
		{E77B0ADD-35C5-4F2D-9FB9-1126AF5504D1}.Release|Any CPU.Build.0 = Release|Any CPU
		{A42EEF0F-6650-4768-8235-309943D22C07}.Debug|Any CPU.ActiveCfg = Debug|Any CPU
		{A42EEF0F-6650-4768-8235-309943D22C07}.Debug|Any CPU.Build.0 = Debug|Any CPU
		{A42EEF0F-6650-4768-8235-309943D22C07}.Release|Any CPU.ActiveCfg = Release|Any CPU
		{A42EEF0F-6650-4768-8235-309943D22C07}.Release|Any CPU.Build.0 = Release|Any CPU
		{57D820E5-7404-44BE-B4E2-EA1250E7D963}.Debug|Any CPU.ActiveCfg = Debug|Any CPU
		{57D820E5-7404-44BE-B4E2-EA1250E7D963}.Debug|Any CPU.Build.0 = Debug|Any CPU
		{57D820E5-7404-44BE-B4E2-EA1250E7D963}.Release|Any CPU.ActiveCfg = Release|Any CPU
		{57D820E5-7404-44BE-B4E2-EA1250E7D963}.Release|Any CPU.Build.0 = Release|Any CPU
		{916F00C3-A1E8-42AC-97B0-4CD0D5626D1D}.Debug|Any CPU.ActiveCfg = Debug|Any CPU
		{916F00C3-A1E8-42AC-97B0-4CD0D5626D1D}.Debug|Any CPU.Build.0 = Debug|Any CPU
		{916F00C3-A1E8-42AC-97B0-4CD0D5626D1D}.Release|Any CPU.ActiveCfg = Release|Any CPU
		{916F00C3-A1E8-42AC-97B0-4CD0D5626D1D}.Release|Any CPU.Build.0 = Release|Any CPU
		{4278FACF-A1E2-4002-9E13-6566484FB95D}.Debug|Any CPU.ActiveCfg = Debug|Any CPU
		{4278FACF-A1E2-4002-9E13-6566484FB95D}.Debug|Any CPU.Build.0 = Debug|Any CPU
		{4278FACF-A1E2-4002-9E13-6566484FB95D}.Release|Any CPU.ActiveCfg = Release|Any CPU
		{4278FACF-A1E2-4002-9E13-6566484FB95D}.Release|Any CPU.Build.0 = Release|Any CPU
		{A926EA7C-6ECA-4C9F-8E1F-69A45C5EE6C8}.Debug|Any CPU.ActiveCfg = Debug|Any CPU
		{A926EA7C-6ECA-4C9F-8E1F-69A45C5EE6C8}.Debug|Any CPU.Build.0 = Debug|Any CPU
		{A926EA7C-6ECA-4C9F-8E1F-69A45C5EE6C8}.Release|Any CPU.ActiveCfg = Release|Any CPU
		{A926EA7C-6ECA-4C9F-8E1F-69A45C5EE6C8}.Release|Any CPU.Build.0 = Release|Any CPU
	EndGlobalSection
	GlobalSection(SolutionProperties) = preSolution
		HideSolutionNode = FALSE
	EndGlobalSection
	GlobalSection(NestedProjects) = preSolution
		{FF4F8BE4-38AB-4692-ABA6-4E76DC6E371F} = {2DA91E08-02D4-4E96-81D0-4015B00D8A93}
		{E77B0ADD-35C5-4F2D-9FB9-1126AF5504D1} = {D37560A1-0F98-47A5-B996-59C3D3B3313D}
		{A42EEF0F-6650-4768-8235-309943D22C07} = {793BCBC2-CD1D-45A0-8E78-98BE62DEEFFA}
		{57D820E5-7404-44BE-B4E2-EA1250E7D963} = {793BCBC2-CD1D-45A0-8E78-98BE62DEEFFA}
		{916F00C3-A1E8-42AC-97B0-4CD0D5626D1D} = {793BCBC2-CD1D-45A0-8E78-98BE62DEEFFA}
		{4278FACF-A1E2-4002-9E13-6566484FB95D} = {5BD3D65F-73F8-44C3-9809-1B376540DF94}
		{A926EA7C-6ECA-4C9F-8E1F-69A45C5EE6C8} = {5BD3D65F-73F8-44C3-9809-1B376540DF94}
	EndGlobalSection
	GlobalSection(ExtensibilityGlobals) = postSolution
		SolutionGuid = {CC84318F-55D2-4E34-AC5B-AA827763F67D}
	EndGlobalSection
EndGlobal
